// !$*UTF8*$!
{
	archiveVersion = 1;
	classes = {
	};
	objectVersion = 46;
	objects = {

/* Begin PBXBuildFile section */
		F8C95DD61A94F6BE0028E9DE /* ExtendedArray.framework in Frameworks */ = {isa = PBXBuildFile; fileRef = F8C95DCA1A94F6BE0028E9DE /* ExtendedArray.framework */; };
		F8EDD5551A94F98E005B6173 /* Sequence.swift in Sources */ = {isa = PBXBuildFile; fileRef = F8EDD5541A94F98E005B6173 /* Sequence.swift */; };
		F8EDD5571A94FC2C005B6173 /* CatOptionals.swift in Sources */ = {isa = PBXBuildFile; fileRef = F8EDD5561A94FC2C005B6173 /* CatOptionals.swift */; };
		F8EDD5581A94FCB6005B6173 /* Sequence.swift in Sources */ = {isa = PBXBuildFile; fileRef = F8EDD5541A94F98E005B6173 /* Sequence.swift */; };
		F8EDD5591A94FCB7005B6173 /* CatOptionals.swift in Sources */ = {isa = PBXBuildFile; fileRef = F8EDD5561A94FC2C005B6173 /* CatOptionals.swift */; };
		F8EDD55B1A94FD54005B6173 /* SequenceTests.swift in Sources */ = {isa = PBXBuildFile; fileRef = F8EDD55A1A94FD54005B6173 /* SequenceTests.swift */; };
		F8EDD55C1A94FD54005B6173 /* SequenceTests.swift in Sources */ = {isa = PBXBuildFile; fileRef = F8EDD55A1A94FD54005B6173 /* SequenceTests.swift */; };
		F8EDD55E1A950B32005B6173 /* CatOptionalsTests.swift in Sources */ = {isa = PBXBuildFile; fileRef = F8EDD55D1A950B32005B6173 /* CatOptionalsTests.swift */; };
		F8EDD55F1A950B32005B6173 /* CatOptionalsTests.swift in Sources */ = {isa = PBXBuildFile; fileRef = F8EDD55D1A950B32005B6173 /* CatOptionalsTests.swift */; };
		F8F26BB41A94F6FA00F0BC66 /* ExtendedArray.h in Headers */ = {isa = PBXBuildFile; fileRef = F8F26BB21A94F6FA00F0BC66 /* ExtendedArray.h */; settings = {ATTRIBUTES = (Public, ); }; };
		F8F26BCA1A94F77200F0BC66 /* ExtendedArray.framework in Frameworks */ = {isa = PBXBuildFile; fileRef = F8F26BBF1A94F77100F0BC66 /* ExtendedArray.framework */; };
/* End PBXBuildFile section */

/* Begin PBXContainerItemProxy section */
		F8C95DD71A94F6BE0028E9DE /* PBXContainerItemProxy */ = {
			isa = PBXContainerItemProxy;
			containerPortal = F8C95DC11A94F6BD0028E9DE /* Project object */;
			proxyType = 1;
			remoteGlobalIDString = F8C95DC91A94F6BE0028E9DE;
			remoteInfo = ExtendedArray;
		};
		F8F26BCB1A94F77200F0BC66 /* PBXContainerItemProxy */ = {
			isa = PBXContainerItemProxy;
			containerPortal = F8C95DC11A94F6BD0028E9DE /* Project object */;
			proxyType = 1;
			remoteGlobalIDString = F8F26BBE1A94F77100F0BC66;
			remoteInfo = "ExtendedArray-Mac";
		};
/* End PBXContainerItemProxy section */

/* Begin PBXFileReference section */
		F8C95DCA1A94F6BE0028E9DE /* ExtendedArray.framework */ = {isa = PBXFileReference; explicitFileType = wrapper.framework; includeInIndex = 0; path = ExtendedArray.framework; sourceTree = BUILT_PRODUCTS_DIR; };
		F8C95DD51A94F6BE0028E9DE /* ExtendedArray-iOSTests.xctest */ = {isa = PBXFileReference; explicitFileType = wrapper.cfbundle; includeInIndex = 0; path = "ExtendedArray-iOSTests.xctest"; sourceTree = BUILT_PRODUCTS_DIR; };
		F8EDD5541A94F98E005B6173 /* Sequence.swift */ = {isa = PBXFileReference; fileEncoding = 4; lastKnownFileType = sourcecode.swift; path = Sequence.swift; sourceTree = "<group>"; };
		F8EDD5561A94FC2C005B6173 /* CatOptionals.swift */ = {isa = PBXFileReference; fileEncoding = 4; lastKnownFileType = sourcecode.swift; path = CatOptionals.swift; sourceTree = "<group>"; };
		F8EDD55A1A94FD54005B6173 /* SequenceTests.swift */ = {isa = PBXFileReference; fileEncoding = 4; lastKnownFileType = sourcecode.swift; path = SequenceTests.swift; sourceTree = "<group>"; };
		F8EDD55D1A950B32005B6173 /* CatOptionalsTests.swift */ = {isa = PBXFileReference; fileEncoding = 4; lastKnownFileType = sourcecode.swift; path = CatOptionalsTests.swift; sourceTree = "<group>"; };
		F8F26BB21A94F6FA00F0BC66 /* ExtendedArray.h */ = {isa = PBXFileReference; fileEncoding = 4; lastKnownFileType = sourcecode.c.h; path = ExtendedArray.h; sourceTree = "<group>"; };
		F8F26BB31A94F6FA00F0BC66 /* Info.plist */ = {isa = PBXFileReference; fileEncoding = 4; lastKnownFileType = text.plist.xml; path = Info.plist; sourceTree = "<group>"; };
		F8F26BB81A94F70900F0BC66 /* Info.plist */ = {isa = PBXFileReference; lastKnownFileType = text.plist.xml; path = Info.plist; sourceTree = "<group>"; };
		F8F26BBF1A94F77100F0BC66 /* ExtendedArray.framework */ = {isa = PBXFileReference; explicitFileType = wrapper.framework; includeInIndex = 0; path = ExtendedArray.framework; sourceTree = BUILT_PRODUCTS_DIR; };
		F8F26BC91A94F77200F0BC66 /* ExtendedArray-MacTests.xctest */ = {isa = PBXFileReference; explicitFileType = wrapper.cfbundle; includeInIndex = 0; path = "ExtendedArray-MacTests.xctest"; sourceTree = BUILT_PRODUCTS_DIR; };
/* End PBXFileReference section */

/* Begin PBXFrameworksBuildPhase section */
		F8C95DC61A94F6BE0028E9DE /* Frameworks */ = {
			isa = PBXFrameworksBuildPhase;
			buildActionMask = 2147483647;
			files = (
			);
			runOnlyForDeploymentPostprocessing = 0;
		};
		F8C95DD21A94F6BE0028E9DE /* Frameworks */ = {
			isa = PBXFrameworksBuildPhase;
			buildActionMask = 2147483647;
			files = (
				F8C95DD61A94F6BE0028E9DE /* ExtendedArray.framework in Frameworks */,
			);
			runOnlyForDeploymentPostprocessing = 0;
		};
		F8F26BBB1A94F77100F0BC66 /* Frameworks */ = {
			isa = PBXFrameworksBuildPhase;
			buildActionMask = 2147483647;
			files = (
			);
			runOnlyForDeploymentPostprocessing = 0;
		};
		F8F26BC61A94F77200F0BC66 /* Frameworks */ = {
			isa = PBXFrameworksBuildPhase;
			buildActionMask = 2147483647;
			files = (
				F8F26BCA1A94F77200F0BC66 /* ExtendedArray.framework in Frameworks */,
			);
			runOnlyForDeploymentPostprocessing = 0;
		};
/* End PBXFrameworksBuildPhase section */

/* Begin PBXGroup section */
		F8C95DC01A94F6BD0028E9DE = {
			isa = PBXGroup;
			children = (
				F8F26BB01A94F6FA00F0BC66 /* Source */,
				F8F26BB61A94F70900F0BC66 /* Tests */,
				F8C95DCB1A94F6BE0028E9DE /* Products */,
			);
			indentWidth = 4;
			sourceTree = "<group>";
			tabWidth = 4;
			usesTabs = 0;
		};
		F8C95DCB1A94F6BE0028E9DE /* Products */ = {
			isa = PBXGroup;
			children = (
				F8C95DCA1A94F6BE0028E9DE /* ExtendedArray.framework */,
				F8C95DD51A94F6BE0028E9DE /* ExtendedArray-iOSTests.xctest */,
				F8F26BBF1A94F77100F0BC66 /* ExtendedArray.framework */,
				F8F26BC91A94F77200F0BC66 /* ExtendedArray-MacTests.xctest */,
			);
			name = Products;
			sourceTree = "<group>";
		};
		F8F26BB01A94F6FA00F0BC66 /* Source */ = {
			isa = PBXGroup;
			children = (
				F8F26BB11A94F6FA00F0BC66 /* Resources */,
				F8EDD5541A94F98E005B6173 /* Sequence.swift */,
				F8EDD5561A94FC2C005B6173 /* CatOptionals.swift */,
			);
			path = Source;
			sourceTree = "<group>";
		};
		F8F26BB11A94F6FA00F0BC66 /* Resources */ = {
			isa = PBXGroup;
			children = (
				F8F26BB21A94F6FA00F0BC66 /* ExtendedArray.h */,
				F8F26BB31A94F6FA00F0BC66 /* Info.plist */,
			);
			path = Resources;
			sourceTree = "<group>";
		};
		F8F26BB61A94F70900F0BC66 /* Tests */ = {
			isa = PBXGroup;
			children = (
				F8F26BB71A94F70900F0BC66 /* Resources */,
				F8F26BB91A94F70900F0BC66 /* Tests */,
			);
			path = Tests;
			sourceTree = "<group>";
		};
		F8F26BB71A94F70900F0BC66 /* Resources */ = {
			isa = PBXGroup;
			children = (
				F8F26BB81A94F70900F0BC66 /* Info.plist */,
			);
			path = Resources;
			sourceTree = "<group>";
		};
		F8F26BB91A94F70900F0BC66 /* Tests */ = {
			isa = PBXGroup;
			children = (
				F8EDD55A1A94FD54005B6173 /* SequenceTests.swift */,
				F8EDD55D1A950B32005B6173 /* CatOptionalsTests.swift */,
			);
			path = Tests;
			sourceTree = "<group>";
		};
/* End PBXGroup section */

/* Begin PBXHeadersBuildPhase section */
		F8C95DC71A94F6BE0028E9DE /* Headers */ = {
			isa = PBXHeadersBuildPhase;
			buildActionMask = 2147483647;
			files = (
				F8F26BB41A94F6FA00F0BC66 /* ExtendedArray.h in Headers */,
			);
			runOnlyForDeploymentPostprocessing = 0;
		};
		F8F26BBC1A94F77100F0BC66 /* Headers */ = {
			isa = PBXHeadersBuildPhase;
			buildActionMask = 2147483647;
			files = (
			);
			runOnlyForDeploymentPostprocessing = 0;
		};
/* End PBXHeadersBuildPhase section */

/* Begin PBXNativeTarget section */
		F8C95DC91A94F6BE0028E9DE /* ExtendedArray-iOS */ = {
			isa = PBXNativeTarget;
			buildConfigurationList = F8C95DE01A94F6BE0028E9DE /* Build configuration list for PBXNativeTarget "ExtendedArray-iOS" */;
			buildPhases = (
				F8C95DC51A94F6BE0028E9DE /* Sources */,
				F8C95DC61A94F6BE0028E9DE /* Frameworks */,
				F8C95DC71A94F6BE0028E9DE /* Headers */,
				F8C95DC81A94F6BE0028E9DE /* Resources */,
				12CB7B0E871B162610F555BD /* Warn for TODO and FIXME comments */,
				4D95F17EC787587A011BCA41 /* Set version number */,
			);
			buildRules = (
			);
			dependencies = (
			);
			name = "ExtendedArray-iOS";
			productName = ExtendedArray;
			productReference = F8C95DCA1A94F6BE0028E9DE /* ExtendedArray.framework */;
			productType = "com.apple.product-type.framework";
		};
		F8C95DD41A94F6BE0028E9DE /* ExtendedArray-iOSTests */ = {
			isa = PBXNativeTarget;
			buildConfigurationList = F8C95DE31A94F6BE0028E9DE /* Build configuration list for PBXNativeTarget "ExtendedArray-iOSTests" */;
			buildPhases = (
				F8C95DD11A94F6BE0028E9DE /* Sources */,
				F8C95DD21A94F6BE0028E9DE /* Frameworks */,
				F8C95DD31A94F6BE0028E9DE /* Resources */,
			);
			buildRules = (
			);
			dependencies = (
				F8C95DD81A94F6BE0028E9DE /* PBXTargetDependency */,
			);
			name = "ExtendedArray-iOSTests";
			productName = ExtendedArrayTests;
			productReference = F8C95DD51A94F6BE0028E9DE /* ExtendedArray-iOSTests.xctest */;
			productType = "com.apple.product-type.bundle.unit-test";
		};
		F8F26BBE1A94F77100F0BC66 /* ExtendedArray-Mac */ = {
			isa = PBXNativeTarget;
			buildConfigurationList = F8F26BD21A94F77200F0BC66 /* Build configuration list for PBXNativeTarget "ExtendedArray-Mac" */;
			buildPhases = (
				F8F26BBA1A94F77100F0BC66 /* Sources */,
				F8F26BBB1A94F77100F0BC66 /* Frameworks */,
				F8F26BBC1A94F77100F0BC66 /* Headers */,
				F8F26BBD1A94F77100F0BC66 /* Resources */,
				3775C5627DCEA21115523904 /* Warn for TODO and FIXME comments */,
				C85970919F21CDF8A218352E /* Set version number */,
			);
			buildRules = (
			);
			dependencies = (
			);
			name = "ExtendedArray-Mac";
			productName = "ExtendedArray-Mac";
			productReference = F8F26BBF1A94F77100F0BC66 /* ExtendedArray.framework */;
			productType = "com.apple.product-type.framework";
		};
		F8F26BC81A94F77200F0BC66 /* ExtendedArray-MacTests */ = {
			isa = PBXNativeTarget;
			buildConfigurationList = F8F26BD51A94F77200F0BC66 /* Build configuration list for PBXNativeTarget "ExtendedArray-MacTests" */;
			buildPhases = (
				F8F26BC51A94F77200F0BC66 /* Sources */,
				F8F26BC61A94F77200F0BC66 /* Frameworks */,
				F8F26BC71A94F77200F0BC66 /* Resources */,
			);
			buildRules = (
			);
			dependencies = (
				F8F26BCC1A94F77200F0BC66 /* PBXTargetDependency */,
			);
			name = "ExtendedArray-MacTests";
			productName = "ExtendedArray-MacTests";
			productReference = F8F26BC91A94F77200F0BC66 /* ExtendedArray-MacTests.xctest */;
			productType = "com.apple.product-type.bundle.unit-test";
		};
/* End PBXNativeTarget section */

/* Begin PBXProject section */
		F8C95DC11A94F6BD0028E9DE /* Project object */ = {
			isa = PBXProject;
			attributes = {
				LastUpgradeCheck = 0610;
				ORGANIZATIONNAME = thoughtbot;
				TargetAttributes = {
					F8C95DC91A94F6BE0028E9DE = {
						CreatedOnToolsVersion = 6.1.1;
					};
					F8C95DD41A94F6BE0028E9DE = {
						CreatedOnToolsVersion = 6.1.1;
					};
					F8F26BBE1A94F77100F0BC66 = {
						CreatedOnToolsVersion = 6.3;
					};
					F8F26BC81A94F77200F0BC66 = {
						CreatedOnToolsVersion = 6.3;
					};
				};
			};
			buildConfigurationList = F8C95DC41A94F6BD0028E9DE /* Build configuration list for PBXProject "ExtendedArray" */;
			compatibilityVersion = "Xcode 3.2";
			developmentRegion = English;
			hasScannedForEncodings = 0;
			knownRegions = (
				en,
			);
			mainGroup = F8C95DC01A94F6BD0028E9DE;
			productRefGroup = F8C95DCB1A94F6BE0028E9DE /* Products */;
			projectDirPath = "";
			projectRoot = "";
			targets = (
				F8C95DC91A94F6BE0028E9DE /* ExtendedArray-iOS */,
				F8C95DD41A94F6BE0028E9DE /* ExtendedArray-iOSTests */,
				F8F26BBE1A94F77100F0BC66 /* ExtendedArray-Mac */,
				F8F26BC81A94F77200F0BC66 /* ExtendedArray-MacTests */,
			);
		};
/* End PBXProject section */

/* Begin PBXResourcesBuildPhase section */
		F8C95DC81A94F6BE0028E9DE /* Resources */ = {
			isa = PBXResourcesBuildPhase;
			buildActionMask = 2147483647;
			files = (
			);
			runOnlyForDeploymentPostprocessing = 0;
		};
		F8C95DD31A94F6BE0028E9DE /* Resources */ = {
			isa = PBXResourcesBuildPhase;
			buildActionMask = 2147483647;
			files = (
			);
			runOnlyForDeploymentPostprocessing = 0;
		};
		F8F26BBD1A94F77100F0BC66 /* Resources */ = {
			isa = PBXResourcesBuildPhase;
			buildActionMask = 2147483647;
			files = (
			);
			runOnlyForDeploymentPostprocessing = 0;
		};
		F8F26BC71A94F77200F0BC66 /* Resources */ = {
			isa = PBXResourcesBuildPhase;
			buildActionMask = 2147483647;
			files = (
			);
			runOnlyForDeploymentPostprocessing = 0;
		};
/* End PBXResourcesBuildPhase section */

/* Begin PBXShellScriptBuildPhase section */
		12CB7B0E871B162610F555BD /* Warn for TODO and FIXME comments */ = {
			isa = PBXShellScriptBuildPhase;
			buildActionMask = 2147483647;
			files = (
			);
			inputPaths = (
			);
			name = "Warn for TODO and FIXME comments";
			outputPaths = (
			);
			runOnlyForDeploymentPostprocessing = 0;
			shellPath = /bin/sh;
			shellScript = "KEYWORDS=\"TODO:|FIXME:|\\?\\?\\?:|\\!\\!\\!:\"\nFILE_EXTENSIONS=\"swift|h|m|mm|c|cpp\"\nfind -E \"${SRCROOT}\" -ipath \"${SRCROOT}/pods\" -prune -o \\( -regex \".*\\.($FILE_EXTENSIONS)$\" \\) -print0 | xargs -0 egrep --with-filename --line-number --only-matching \"($KEYWORDS).*\\$\" | perl -p -e \"s/($KEYWORDS)/ warning: \\$1/\"\n";
		};
		3775C5627DCEA21115523904 /* Warn for TODO and FIXME comments */ = {
			isa = PBXShellScriptBuildPhase;
			buildActionMask = 2147483647;
			files = (
			);
			inputPaths = (
			);
			name = "Warn for TODO and FIXME comments";
			outputPaths = (
			);
			runOnlyForDeploymentPostprocessing = 0;
			shellPath = /bin/sh;
			shellScript = "KEYWORDS=\"TODO:|FIXME:|\\?\\?\\?:|\\!\\!\\!:\"\nFILE_EXTENSIONS=\"swift|h|m|mm|c|cpp\"\nfind -E \"${SRCROOT}\" -ipath \"${SRCROOT}/pods\" -prune -o \\( -regex \".*\\.($FILE_EXTENSIONS)$\" \\) -print0 | xargs -0 egrep --with-filename --line-number --only-matching \"($KEYWORDS).*\\$\" | perl -p -e \"s/($KEYWORDS)/ warning: \\$1/\"\n";
		};
		4D95F17EC787587A011BCA41 /* Set version number */ = {
			isa = PBXShellScriptBuildPhase;
			buildActionMask = 2147483647;
			files = (
			);
			inputPaths = (
			);
			name = "Set version number";
			outputPaths = (
			);
			runOnlyForDeploymentPostprocessing = 0;
			shellPath = /bin/sh;
			shellScript = "git=$(sh /etc/profile; which git)\ngit_release_version=$(\"$git\" describe --tags --always --abbrev=0)\nnumber_of_commits=$(\"$git\" rev-list master | wc -l | tr -d ' ')\ntarget_plist=\"$TARGET_BUILD_DIR/$INFOPLIST_PATH\"\ndsym_plist=\"$DWARF_DSYM_FOLDER_PATH/$DWARF_DSYM_FILE_NAME/Contents/Info.plist\"\n\nfor plist in \"$target_plist\" \"$dsym_plist\"; do\n  if [ -f \"$plist\" ]; then\n    /usr/libexec/PlistBuddy -c \"Set :CFBundleVersion $number_of_commits\" \"$plist\"\n    /usr/libexec/PlistBuddy -c \"Set :CFBundleShortVersionString ${git_release_version#*v}\" \"$plist\"\n  fi\ndone\n";
		};
		C85970919F21CDF8A218352E /* Set version number */ = {
			isa = PBXShellScriptBuildPhase;
			buildActionMask = 2147483647;
			files = (
			);
			inputPaths = (
			);
			name = "Set version number";
			outputPaths = (
			);
			runOnlyForDeploymentPostprocessing = 0;
			shellPath = /bin/sh;
			shellScript = "git=$(sh /etc/profile; which git)\ngit_release_version=$(\"$git\" describe --tags --always --abbrev=0)\nnumber_of_commits=$(\"$git\" rev-list master | wc -l | tr -d ' ')\ntarget_plist=\"$TARGET_BUILD_DIR/$INFOPLIST_PATH\"\ndsym_plist=\"$DWARF_DSYM_FOLDER_PATH/$DWARF_DSYM_FILE_NAME/Contents/Info.plist\"\n\nfor plist in \"$target_plist\" \"$dsym_plist\"; do\n  if [ -f \"$plist\" ]; then\n    /usr/libexec/PlistBuddy -c \"Set :CFBundleVersion $number_of_commits\" \"$plist\"\n    /usr/libexec/PlistBuddy -c \"Set :CFBundleShortVersionString ${git_release_version#*v}\" \"$plist\"\n  fi\ndone\n";
		};
/* End PBXShellScriptBuildPhase section */

/* Begin PBXSourcesBuildPhase section */
		F8C95DC51A94F6BE0028E9DE /* Sources */ = {
			isa = PBXSourcesBuildPhase;
			buildActionMask = 2147483647;
			files = (
				F8EDD5571A94FC2C005B6173 /* CatOptionals.swift in Sources */,
				F8EDD5551A94F98E005B6173 /* Sequence.swift in Sources */,
			);
			runOnlyForDeploymentPostprocessing = 0;
		};
		F8C95DD11A94F6BE0028E9DE /* Sources */ = {
			isa = PBXSourcesBuildPhase;
			buildActionMask = 2147483647;
			files = (
				F8EDD55E1A950B32005B6173 /* CatOptionalsTests.swift in Sources */,
				F8EDD55B1A94FD54005B6173 /* SequenceTests.swift in Sources */,
			);
			runOnlyForDeploymentPostprocessing = 0;
		};
		F8F26BBA1A94F77100F0BC66 /* Sources */ = {
			isa = PBXSourcesBuildPhase;
			buildActionMask = 2147483647;
			files = (
				F8EDD5591A94FCB7005B6173 /* CatOptionals.swift in Sources */,
				F8EDD5581A94FCB6005B6173 /* Sequence.swift in Sources */,
			);
			runOnlyForDeploymentPostprocessing = 0;
		};
		F8F26BC51A94F77200F0BC66 /* Sources */ = {
			isa = PBXSourcesBuildPhase;
			buildActionMask = 2147483647;
			files = (
				F8EDD55F1A950B32005B6173 /* CatOptionalsTests.swift in Sources */,
				F8EDD55C1A94FD54005B6173 /* SequenceTests.swift in Sources */,
			);
			runOnlyForDeploymentPostprocessing = 0;
		};
/* End PBXSourcesBuildPhase section */

/* Begin PBXTargetDependency section */
		F8C95DD81A94F6BE0028E9DE /* PBXTargetDependency */ = {
			isa = PBXTargetDependency;
			target = F8C95DC91A94F6BE0028E9DE /* ExtendedArray-iOS */;
			targetProxy = F8C95DD71A94F6BE0028E9DE /* PBXContainerItemProxy */;
		};
		F8F26BCC1A94F77200F0BC66 /* PBXTargetDependency */ = {
			isa = PBXTargetDependency;
			target = F8F26BBE1A94F77100F0BC66 /* ExtendedArray-Mac */;
			targetProxy = F8F26BCB1A94F77200F0BC66 /* PBXContainerItemProxy */;
		};
/* End PBXTargetDependency section */

/* Begin XCBuildConfiguration section */
		F8C95DDE1A94F6BE0028E9DE /* Debug */ = {
			isa = XCBuildConfiguration;
			buildSettings = {
				ALWAYS_SEARCH_USER_PATHS = NO;
				CLANG_CXX_LANGUAGE_STANDARD = "gnu++0x";
				CLANG_CXX_LIBRARY = "libc++";
				CLANG_ENABLE_MODULES = YES;
				CLANG_ENABLE_OBJC_ARC = YES;
				CLANG_WARN_BOOL_CONVERSION = YES;
				CLANG_WARN_CONSTANT_CONVERSION = YES;
				CLANG_WARN_DEPRECATED_OBJC_IMPLEMENTATIONS = YES;
				CLANG_WARN_DIRECT_OBJC_ISA_USAGE = YES_ERROR;
				CLANG_WARN_EMPTY_BODY = YES;
				CLANG_WARN_ENUM_CONVERSION = YES;
				CLANG_WARN_IMPLICIT_SIGN_CONVERSION = YES;
				CLANG_WARN_INT_CONVERSION = YES;
				CLANG_WARN_OBJC_IMPLICIT_RETAIN_SELF = YES;
				CLANG_WARN_OBJC_ROOT_CLASS = YES_ERROR;
				CLANG_WARN_SUSPICIOUS_IMPLICIT_CONVERSION = YES;
				CLANG_WARN_UNREACHABLE_CODE = YES;
				CLANG_WARN__DUPLICATE_METHOD_MATCH = YES;
				"CODE_SIGN_IDENTITY[sdk=iphoneos*]" = "iPhone Developer";
				COPY_PHASE_STRIP = NO;
				CURRENT_PROJECT_VERSION = 1;
				ENABLE_STRICT_OBJC_MSGSEND = YES;
				GCC_C_LANGUAGE_STANDARD = gnu99;
				GCC_DYNAMIC_NO_PIC = NO;
				GCC_OPTIMIZATION_LEVEL = 0;
				GCC_PREPROCESSOR_DEFINITIONS = (
					"DEBUG=1",
					"$(inherited)",
				);
				GCC_SYMBOLS_PRIVATE_EXTERN = NO;
				GCC_WARN_64_TO_32_BIT_CONVERSION = YES;
				GCC_WARN_ABOUT_DEPRECATED_FUNCTIONS = YES;
				GCC_WARN_ABOUT_MISSING_FIELD_INITIALIZERS = YES;
				GCC_WARN_ABOUT_MISSING_NEWLINE = YES;
				GCC_WARN_ABOUT_RETURN_TYPE = YES;
				GCC_WARN_CHECK_SWITCH_STATEMENTS = YES;
				GCC_WARN_INITIALIZER_NOT_FULLY_BRACKETED = YES;
				GCC_WARN_MISSING_PARENTHESES = YES;
				GCC_WARN_SHADOW = YES;
				GCC_WARN_SIGN_COMPARE = YES;
				GCC_WARN_TYPECHECK_CALLS_TO_PRINTF = YES;
				GCC_WARN_UNDECLARED_SELECTOR = YES;
				GCC_WARN_UNINITIALIZED_AUTOS = YES_AGGRESSIVE;
				GCC_WARN_UNUSED_FUNCTION = YES;
				GCC_WARN_UNUSED_LABEL = YES;
				GCC_WARN_UNUSED_VALUE = YES;
				GCC_WARN_UNUSED_VARIABLE = YES;
				IPHONEOS_DEPLOYMENT_TARGET = 8.1;
				MTL_ENABLE_DEBUG_INFO = YES;
				ONLY_ACTIVE_ARCH = YES;
				RUN_CLANG_STATIC_ANALYZER = YES;
				SDKROOT = iphoneos;
				SWIFT_OPTIMIZATION_LEVEL = "-Onone";
				TARGETED_DEVICE_FAMILY = "1,2";
				VERSIONING_SYSTEM = "apple-generic";
				VERSION_INFO_PREFIX = "";
			};
			name = Debug;
		};
		F8C95DDF1A94F6BE0028E9DE /* Release */ = {
			isa = XCBuildConfiguration;
			buildSettings = {
				ALWAYS_SEARCH_USER_PATHS = NO;
				CLANG_CXX_LANGUAGE_STANDARD = "gnu++0x";
				CLANG_CXX_LIBRARY = "libc++";
				CLANG_ENABLE_MODULES = YES;
				CLANG_ENABLE_OBJC_ARC = YES;
				CLANG_WARN_BOOL_CONVERSION = YES;
				CLANG_WARN_CONSTANT_CONVERSION = YES;
				CLANG_WARN_DEPRECATED_OBJC_IMPLEMENTATIONS = YES;
				CLANG_WARN_DIRECT_OBJC_ISA_USAGE = YES_ERROR;
				CLANG_WARN_EMPTY_BODY = YES;
				CLANG_WARN_ENUM_CONVERSION = YES;
				CLANG_WARN_IMPLICIT_SIGN_CONVERSION = YES;
				CLANG_WARN_INT_CONVERSION = YES;
				CLANG_WARN_OBJC_IMPLICIT_RETAIN_SELF = YES;
				CLANG_WARN_OBJC_ROOT_CLASS = YES_ERROR;
				CLANG_WARN_SUSPICIOUS_IMPLICIT_CONVERSION = YES;
				CLANG_WARN_UNREACHABLE_CODE = YES;
				CLANG_WARN__DUPLICATE_METHOD_MATCH = YES;
				"CODE_SIGN_IDENTITY[sdk=iphoneos*]" = "iPhone Developer";
				COPY_PHASE_STRIP = YES;
				CURRENT_PROJECT_VERSION = 1;
				ENABLE_NS_ASSERTIONS = NO;
				ENABLE_STRICT_OBJC_MSGSEND = YES;
				GCC_C_LANGUAGE_STANDARD = gnu99;
				GCC_WARN_64_TO_32_BIT_CONVERSION = YES;
				GCC_WARN_ABOUT_DEPRECATED_FUNCTIONS = YES;
				GCC_WARN_ABOUT_MISSING_FIELD_INITIALIZERS = YES;
				GCC_WARN_ABOUT_MISSING_NEWLINE = YES;
				GCC_WARN_ABOUT_RETURN_TYPE = YES;
				GCC_WARN_CHECK_SWITCH_STATEMENTS = YES;
				GCC_WARN_INITIALIZER_NOT_FULLY_BRACKETED = YES;
				GCC_WARN_MISSING_PARENTHESES = YES;
				GCC_WARN_SHADOW = YES;
				GCC_WARN_SIGN_COMPARE = YES;
				GCC_WARN_TYPECHECK_CALLS_TO_PRINTF = YES;
				GCC_WARN_UNDECLARED_SELECTOR = YES;
				GCC_WARN_UNINITIALIZED_AUTOS = YES_AGGRESSIVE;
				GCC_WARN_UNUSED_FUNCTION = YES;
				GCC_WARN_UNUSED_LABEL = YES;
				GCC_WARN_UNUSED_VALUE = YES;
				GCC_WARN_UNUSED_VARIABLE = YES;
				IPHONEOS_DEPLOYMENT_TARGET = 8.1;
				MTL_ENABLE_DEBUG_INFO = NO;
				RUN_CLANG_STATIC_ANALYZER = YES;
				SDKROOT = iphoneos;
				TARGETED_DEVICE_FAMILY = "1,2";
				VALIDATE_PRODUCT = YES;
				VERSIONING_SYSTEM = "apple-generic";
				VERSION_INFO_PREFIX = "";
			};
			name = Release;
		};
		F8C95DE11A94F6BE0028E9DE /* Debug */ = {
			isa = XCBuildConfiguration;
			buildSettings = {
				CLANG_ENABLE_MODULES = YES;
				DEFINES_MODULE = YES;
				DYLIB_COMPATIBILITY_VERSION = 1;
				DYLIB_CURRENT_VERSION = 1;
				DYLIB_INSTALL_NAME_BASE = "@rpath";
				INFOPLIST_FILE = Source/Resources/Info.plist;
				INSTALL_PATH = "$(LOCAL_LIBRARY_DIR)/Frameworks";
				IPHONEOS_DEPLOYMENT_TARGET = 8.0;
				LD_RUNPATH_SEARCH_PATHS = "$(inherited) @executable_path/Frameworks @loader_path/Frameworks";
				PRODUCT_NAME = ExtendedArray;
				SKIP_INSTALL = YES;
				SWIFT_OPTIMIZATION_LEVEL = "-Onone";
			};
			name = Debug;
		};
		F8C95DE21A94F6BE0028E9DE /* Release */ = {
			isa = XCBuildConfiguration;
			buildSettings = {
				CLANG_ENABLE_MODULES = YES;
				DEFINES_MODULE = YES;
				DYLIB_COMPATIBILITY_VERSION = 1;
				DYLIB_CURRENT_VERSION = 1;
				DYLIB_INSTALL_NAME_BASE = "@rpath";
				GCC_TREAT_WARNINGS_AS_ERRORS = YES;
				INFOPLIST_FILE = Source/Resources/Info.plist;
				INSTALL_PATH = "$(LOCAL_LIBRARY_DIR)/Frameworks";
				IPHONEOS_DEPLOYMENT_TARGET = 8.0;
				LD_RUNPATH_SEARCH_PATHS = "$(inherited) @executable_path/Frameworks @loader_path/Frameworks";
				PRODUCT_NAME = ExtendedArray;
				SKIP_INSTALL = YES;
			};
			name = Release;
		};
		F8C95DE41A94F6BE0028E9DE /* Debug */ = {
			isa = XCBuildConfiguration;
			buildSettings = {
				CLANG_ENABLE_MODULES = YES;
				FRAMEWORK_SEARCH_PATHS = (
					"$(SDKROOT)/Developer/Library/Frameworks",
					"$(inherited)",
				);
				GCC_PREPROCESSOR_DEFINITIONS = (
					"DEBUG=1",
					"$(inherited)",
				);
				INFOPLIST_FILE = Tests/Resources/Info.plist;
				LD_RUNPATH_SEARCH_PATHS = "$(inherited) @executable_path/Frameworks @loader_path/Frameworks";
				PRODUCT_NAME = "$(TARGET_NAME)";
				SWIFT_OPTIMIZATION_LEVEL = "-Onone";
			};
			name = Debug;
		};
		F8C95DE51A94F6BE0028E9DE /* Release */ = {
			isa = XCBuildConfiguration;
			buildSettings = {
				CLANG_ENABLE_MODULES = YES;
				FRAMEWORK_SEARCH_PATHS = (
					"$(SDKROOT)/Developer/Library/Frameworks",
					"$(inherited)",
				);
				INFOPLIST_FILE = Tests/Resources/Info.plist;
				LD_RUNPATH_SEARCH_PATHS = "$(inherited) @executable_path/Frameworks @loader_path/Frameworks";
				PRODUCT_NAME = "$(TARGET_NAME)";
			};
			name = Release;
		};
		F8F26BD31A94F77200F0BC66 /* Debug */ = {
			isa = XCBuildConfiguration;
			buildSettings = {
				CLANG_ENABLE_MODULES = YES;
				COMBINE_HIDPI_IMAGES = YES;
				DEBUG_INFORMATION_FORMAT = dwarf;
				DEFINES_MODULE = YES;
				DYLIB_COMPATIBILITY_VERSION = 1;
				DYLIB_CURRENT_VERSION = 1;
				DYLIB_INSTALL_NAME_BASE = "@rpath";
				FRAMEWORK_VERSION = A;
				GCC_PREPROCESSOR_DEFINITIONS = (
					"DEBUG=1",
					"$(inherited)",
				);
				INFOPLIST_FILE = Source/Resources/Info.plist;
				INSTALL_PATH = "$(LOCAL_LIBRARY_DIR)/Frameworks";
				LD_RUNPATH_SEARCH_PATHS = "$(inherited) @executable_path/../Frameworks @loader_path/Frameworks";
				MACOSX_DEPLOYMENT_TARGET = 10.9;
				PRODUCT_NAME = ExtendedArray;
				SDKROOT = macosx;
				SKIP_INSTALL = YES;
				SWIFT_OPTIMIZATION_LEVEL = "-Onone";
			};
			name = Debug;
		};
		F8F26BD41A94F77200F0BC66 /* Release */ = {
			isa = XCBuildConfiguration;
			buildSettings = {
				CLANG_ENABLE_MODULES = YES;
				COMBINE_HIDPI_IMAGES = YES;
				COPY_PHASE_STRIP = NO;
				DEBUG_INFORMATION_FORMAT = "dwarf-with-dsym";
				DEFINES_MODULE = YES;
				DYLIB_COMPATIBILITY_VERSION = 1;
				DYLIB_CURRENT_VERSION = 1;
				DYLIB_INSTALL_NAME_BASE = "@rpath";
				FRAMEWORK_VERSION = A;
				GCC_TREAT_WARNINGS_AS_ERRORS = YES;
				INFOPLIST_FILE = Source/Resources/Info.plist;
				INSTALL_PATH = "$(LOCAL_LIBRARY_DIR)/Frameworks";
				LD_RUNPATH_SEARCH_PATHS = "$(inherited) @executable_path/../Frameworks @loader_path/Frameworks";
				MACOSX_DEPLOYMENT_TARGET = 10.9;
				PRODUCT_NAME = ExtendedArray;
				SDKROOT = macosx;
				SKIP_INSTALL = YES;
			};
			name = Release;
		};
		F8F26BD61A94F77200F0BC66 /* Debug */ = {
			isa = XCBuildConfiguration;
			buildSettings = {
				CLANG_ENABLE_MODULES = YES;
				COMBINE_HIDPI_IMAGES = YES;
				DEBUG_INFORMATION_FORMAT = dwarf;
				FRAMEWORK_SEARCH_PATHS = (
					"$(DEVELOPER_FRAMEWORKS_DIR)",
					"$(inherited)",
				);
				GCC_PREPROCESSOR_DEFINITIONS = (
					"DEBUG=1",
					"$(inherited)",
				);
				INFOPLIST_FILE = Tests/Resources/Info.plist;
				LD_RUNPATH_SEARCH_PATHS = "$(inherited) @executable_path/../Frameworks @loader_path/../Frameworks";
				MACOSX_DEPLOYMENT_TARGET = 10.10;
				PRODUCT_NAME = "$(TARGET_NAME)";
				SDKROOT = macosx;
				SWIFT_OPTIMIZATION_LEVEL = "-Onone";
			};
			name = Debug;
		};
		F8F26BD71A94F77200F0BC66 /* Release */ = {
			isa = XCBuildConfiguration;
			buildSettings = {
				CLANG_ENABLE_MODULES = YES;
				COMBINE_HIDPI_IMAGES = YES;
				COPY_PHASE_STRIP = NO;
				DEBUG_INFORMATION_FORMAT = "dwarf-with-dsym";
				FRAMEWORK_SEARCH_PATHS = (
					"$(DEVELOPER_FRAMEWORKS_DIR)",
					"$(inherited)",
				);
				INFOPLIST_FILE = Tests/Resources/Info.plist;
				LD_RUNPATH_SEARCH_PATHS = "$(inherited) @executable_path/../Frameworks @loader_path/../Frameworks";
				MACOSX_DEPLOYMENT_TARGET = 10.10;
				PRODUCT_NAME = "$(TARGET_NAME)";
				SDKROOT = macosx;
			};
			name = Release;
		};
/* End XCBuildConfiguration section */

/* Begin XCConfigurationList section */
		F8C95DC41A94F6BD0028E9DE /* Build configuration list for PBXProject "ExtendedArray" */ = {
			isa = XCConfigurationList;
			buildConfigurations = (
				F8C95DDE1A94F6BE0028E9DE /* Debug */,
				F8C95DDF1A94F6BE0028E9DE /* Release */,
			);
			defaultConfigurationIsVisible = 0;
			defaultConfigurationName = Release;
		};
		F8C95DE01A94F6BE0028E9DE /* Build configuration list for PBXNativeTarget "ExtendedArray-iOS" */ = {
			isa = XCConfigurationList;
			buildConfigurations = (
				F8C95DE11A94F6BE0028E9DE /* Debug */,
				F8C95DE21A94F6BE0028E9DE /* Release */,
			);
			defaultConfigurationIsVisible = 0;
			defaultConfigurationName = Release;
		};
		F8C95DE31A94F6BE0028E9DE /* Build configuration list for PBXNativeTarget "ExtendedArray-iOSTests" */ = {
			isa = XCConfigurationList;
			buildConfigurations = (
				F8C95DE41A94F6BE0028E9DE /* Debug */,
				F8C95DE51A94F6BE0028E9DE /* Release */,
			);
			defaultConfigurationIsVisible = 0;
			defaultConfigurationName = Release;
		};
		F8F26BD21A94F77200F0BC66 /* Build configuration list for PBXNativeTarget "ExtendedArray-Mac" */ = {
			isa = XCConfigurationList;
			buildConfigurations = (
				F8F26BD31A94F77200F0BC66 /* Debug */,
				F8F26BD41A94F77200F0BC66 /* Release */,
			);
			defaultConfigurationIsVisible = 0;
			defaultConfigurationName = Release;
		};
		F8F26BD51A94F77200F0BC66 /* Build configuration list for PBXNativeTarget "ExtendedArray-MacTests" */ = {
			isa = XCConfigurationList;
			buildConfigurations = (
				F8F26BD61A94F77200F0BC66 /* Debug */,
				F8F26BD71A94F77200F0BC66 /* Release */,
			);
			defaultConfigurationIsVisible = 0;
			defaultConfigurationName = Release;
		};
/* End XCConfigurationList section */
	};
	rootObject = F8C95DC11A94F6BD0028E9DE /* Project object */;
}
